
Microsoft Visual Studio Solution File, Format Version 12.00
# Visual Studio Version 17
VisualStudioVersion = 17.2.32519.379
MinimumVisualStudioVersion = 10.0.40219.1
Project("{9A19103F-16F7-4668-BE54-9A1E7A4F7556}") = "CarParkUser", "CarParkUser\CarParkUser.csproj", "{380112CB-903B-4611-BB0F-26DD41487E11}"
EndProject
Project("{9A19103F-16F7-4668-BE54-9A1E7A4F7556}") = "CarParkAPI", "CarParkAPI\CarParkAPI.csproj", "{DFBF5156-A469-46BF-9FED-C6C8AA503C8B}"
EndProject
Project("{FAE04EC0-301F-11D3-BF4B-00C04F79EFBC}") = "DataAccessLayer", "DataAccessLayer\DataAccessLayer.csproj", "{165E3714-5323-4602-81B4-0C44CD0019A7}"
EndProject
Project("{FAE04EC0-301F-11D3-BF4B-00C04F79EFBC}") = "BusinessLayer", "BusinessLayer\BusinessLayer.csproj", "{0B3F4EE5-FDCA-4081-9161-99FA19F92B34}"
EndProject
Project("{FAE04EC0-301F-11D3-BF4B-00C04F79EFBC}") = "CoreLayer", "CoreLayer\CoreLayer.csproj", "{63C3F26C-AF91-4E03-A95E-8F9CF8FDB28F}"
EndProject
Global
	GlobalSection(SolutionConfigurationPlatforms) = preSolution
		Debug|Any CPU = Debug|Any CPU
		Release|Any CPU = Release|Any CPU
	EndGlobalSection
	GlobalSection(ProjectConfigurationPlatforms) = postSolution
		{380112CB-903B-4611-BB0F-26DD41487E11}.Debug|Any CPU.ActiveCfg = Debug|Any CPU
		{380112CB-903B-4611-BB0F-26DD41487E11}.Debug|Any CPU.Build.0 = Debug|Any CPU
		{380112CB-903B-4611-BB0F-26DD41487E11}.Release|Any CPU.ActiveCfg = Release|Any CPU
		{380112CB-903B-4611-BB0F-26DD41487E11}.Release|Any CPU.Build.0 = Release|Any CPU
		{DFBF5156-A469-46BF-9FED-C6C8AA503C8B}.Debug|Any CPU.ActiveCfg = Debug|Any CPU
		{DFBF5156-A469-46BF-9FED-C6C8AA503C8B}.Debug|Any CPU.Build.0 = Debug|Any CPU
		{DFBF5156-A469-46BF-9FED-C6C8AA503C8B}.Release|Any CPU.ActiveCfg = Release|Any CPU
		{DFBF5156-A469-46BF-9FED-C6C8AA503C8B}.Release|Any CPU.Build.0 = Release|Any CPU
		{165E3714-5323-4602-81B4-0C44CD0019A7}.Debug|Any CPU.ActiveCfg = Debug|Any CPU
		{165E3714-5323-4602-81B4-0C44CD0019A7}.Debug|Any CPU.Build.0 = Debug|Any CPU
		{165E3714-5323-4602-81B4-0C44CD0019A7}.Release|Any CPU.ActiveCfg = Release|Any CPU
		{165E3714-5323-4602-81B4-0C44CD0019A7}.Release|Any CPU.Build.0 = Release|Any CPU
		{0B3F4EE5-FDCA-4081-9161-99FA19F92B34}.Debug|Any CPU.ActiveCfg = Debug|Any CPU
		{0B3F4EE5-FDCA-4081-9161-99FA19F92B34}.Debug|Any CPU.Build.0 = Debug|Any CPU
		{0B3F4EE5-FDCA-4081-9161-99FA19F92B34}.Release|Any CPU.ActiveCfg = Release|Any CPU
		{0B3F4EE5-FDCA-4081-9161-99FA19F92B34}.Release|Any CPU.Build.0 = Release|Any CPU
		{63C3F26C-AF91-4E03-A95E-8F9CF8FDB28F}.Debug|Any CPU.ActiveCfg = Debug|Any CPU
		{63C3F26C-AF91-4E03-A95E-8F9CF8FDB28F}.Debug|Any CPU.Build.0 = Debug|Any CPU
		{63C3F26C-AF91-4E03-A95E-8F9CF8FDB28F}.Release|Any CPU.ActiveCfg = Release|Any CPU
		{63C3F26C-AF91-4E03-A95E-8F9CF8FDB28F}.Release|Any CPU.Build.0 = Release|Any CPU
	EndGlobalSection
	GlobalSection(SolutionProperties) = preSolution
		HideSolutionNode = FALSE
	EndGlobalSection
	GlobalSection(ExtensibilityGlobals) = postSolution
		SolutionGuid = {A6757677-B601-4DE6-AFFF-27493ED4BE61}
	EndGlobalSection
EndGlobal
